
Microsoft Visual Studio Solution File, Format Version 12.00
# Visual Studio Version 17
VisualStudioVersion = 17.13.35716.79
MinimumVisualStudioVersion = 10.0.40219.1
Project("{9A19103F-16F7-4668-BE54-9A1E7A4F7556}") = "BlazorDateRangePicker", "BlazorDateRangePicker\BlazorDateRangePicker.csproj", "{C463A3EB-E515-46C2-B520-18E964A69E32}"
EndProject
Project("{9A19103F-16F7-4668-BE54-9A1E7A4F7556}") = "Demo.ClientSideApp", "Demo.ClientSideApp\Demo.ClientSideApp.csproj", "{901603F4-C51B-4B98-9E98-F85DAE6E8A2F}"
EndProject
Project("{9A19103F-16F7-4668-BE54-9A1E7A4F7556}") = "Demo.ServerSideApp", "Demo.ServerSideApp\Demo.ServerSideApp.csproj", "{94594133-2735-40F5-B336-9019A60E873D}"
EndProject
Project("{FAE04EC0-301F-11D3-BF4B-00C04F79EFBC}") = "Demo.Shared", "Demo.Shared\Demo.Shared.csproj", "{C643FA35-336A-4620-9153-8D4A3DBFE92C}"
EndProject
Project("{FAE04EC0-301F-11D3-BF4B-00C04F79EFBC}") = "SourceGenerators", "SourceGenerators\SourceGenerators.csproj", "{2655151C-2184-C7B9-CAB3-727E2FA0BBFC}"
EndProject
Global
	GlobalSection(SolutionConfigurationPlatforms) = preSolution
		Debug|Any CPU = Debug|Any CPU
		Release|Any CPU = Release|Any CPU
	EndGlobalSection
	GlobalSection(ProjectConfigurationPlatforms) = postSolution
		{C463A3EB-E515-46C2-B520-18E964A69E32}.Debug|Any CPU.ActiveCfg = Debug|Any CPU
		{C463A3EB-E515-46C2-B520-18E964A69E32}.Debug|Any CPU.Build.0 = Debug|Any CPU
		{C463A3EB-E515-46C2-B520-18E964A69E32}.Release|Any CPU.ActiveCfg = Release|Any CPU
		{C463A3EB-E515-46C2-B520-18E964A69E32}.Release|Any CPU.Build.0 = Release|Any CPU
		{901603F4-C51B-4B98-9E98-F85DAE6E8A2F}.Debug|Any CPU.ActiveCfg = Debug|Any CPU
		{901603F4-C51B-4B98-9E98-F85DAE6E8A2F}.Debug|Any CPU.Build.0 = Debug|Any CPU
		{901603F4-C51B-4B98-9E98-F85DAE6E8A2F}.Release|Any CPU.ActiveCfg = Release|Any CPU
		{901603F4-C51B-4B98-9E98-F85DAE6E8A2F}.Release|Any CPU.Build.0 = Release|Any CPU
		{94594133-2735-40F5-B336-9019A60E873D}.Debug|Any CPU.ActiveCfg = Debug|Any CPU
		{94594133-2735-40F5-B336-9019A60E873D}.Debug|Any CPU.Build.0 = Debug|Any CPU
		{94594133-2735-40F5-B336-9019A60E873D}.Release|Any CPU.ActiveCfg = Release|Any CPU
		{94594133-2735-40F5-B336-9019A60E873D}.Release|Any CPU.Build.0 = Release|Any CPU
		{C643FA35-336A-4620-9153-8D4A3DBFE92C}.Debug|Any CPU.ActiveCfg = Debug|Any CPU
		{C643FA35-336A-4620-9153-8D4A3DBFE92C}.Debug|Any CPU.Build.0 = Debug|Any CPU
		{C643FA35-336A-4620-9153-8D4A3DBFE92C}.Release|Any CPU.ActiveCfg = Release|Any CPU
		{C643FA35-336A-4620-9153-8D4A3DBFE92C}.Release|Any CPU.Build.0 = Release|Any CPU
		{2655151C-2184-C7B9-CAB3-727E2FA0BBFC}.Debug|Any CPU.ActiveCfg = Debug|Any CPU
		{2655151C-2184-C7B9-CAB3-727E2FA0BBFC}.Debug|Any CPU.Build.0 = Debug|Any CPU
		{2655151C-2184-C7B9-CAB3-727E2FA0BBFC}.Release|Any CPU.ActiveCfg = Release|Any CPU
		{2655151C-2184-C7B9-CAB3-727E2FA0BBFC}.Release|Any CPU.Build.0 = Release|Any CPU
	EndGlobalSection
	GlobalSection(SolutionProperties) = preSolution
		HideSolutionNode = FALSE
	EndGlobalSection
	GlobalSection(ExtensibilityGlobals) = postSolution
		SolutionGuid = {D897D349-9D43-44E6-A9F8-8D10BBA2DBFD}
	EndGlobalSection
EndGlobal
